# Generated by pub
# See https://dart.dev/tools/pub/glossary#lockfile
packages:
  _flutterfire_internals:
    dependency: transitive
    description:
      name: _flutterfire_internals
      sha256: d58dc7eda77a05866ad4fac26a4953e82bac29167aa571224d499da5d2027bc6
      url: "https://pub.dev"
    source: hosted
    version: "1.0.11"
  args:
    dependency: transitive
    description:
      name: args
      sha256: b003c3098049a51720352d219b0bb5f219b60fbfb68e7a4748139a06a5676515
      url: "https://pub.dev"
    source: hosted
    version: "2.3.1"
  async:
    dependency: transitive
    description:
      name: async
      sha256: bfe67ef28df125b7dddcea62755991f807aa39a2492a23e1550161692950bbe0
      url: "https://pub.dev"
    source: hosted
    version: "2.10.0"
  badges:
    dependency: "direct main"
    description:
      name: badges
      sha256: "727580d938b7a1ff47ea42df730d581415606b4224cfa708671c10287f8d3fe6"
      url: "https://pub.dev"
    source: hosted
    version: "2.0.3"
  boolean_selector:
    dependency: transitive
    description:
      name: boolean_selector
      sha256: "6cfb5af12253eaf2b368f07bacc5a80d1301a071c73360d746b7f2e32d762c66"
      url: "https://pub.dev"
    source: hosted
    version: "2.1.1"
  cached_network_image:
    dependency: "direct main"
    description:
      name: cached_network_image
      sha256: fd3d0dc1d451f9a252b32d95d3f0c3c487bc41a75eba2e6097cb0b9c71491b15
      url: "https://pub.dev"
    source: hosted
    version: "3.2.3"
  cached_network_image_platform_interface:
    dependency: transitive
    description:
      name: cached_network_image_platform_interface
      sha256: bb2b8403b4ccdc60ef5f25c70dead1f3d32d24b9d6117cfc087f496b178594a7
      url: "https://pub.dev"
    source: hosted
    version: "2.0.0"
  cached_network_image_web:
    dependency: transitive
    description:
      name: cached_network_image_web
      sha256: b8eb814ebfcb4dea049680f8c1ffb2df399e4d03bf7a352c775e26fa06e02fa0
      url: "https://pub.dev"
    source: hosted
    version: "1.0.2"
  camera:
    dependency: "direct main"
    description:
      name: camera
      sha256: b7316e7861cf7a7196ef670f391a0e8d1f36eebd4e199d3077e0a23e11db2a44
      url: "https://pub.dev"
    source: hosted
    version: "0.10.1"
  camera_android:
    dependency: transitive
    description:
      name: camera_android
      sha256: "57a444fcd394c68f8ee984cea4bb0d91221baf43a41c9bebf5737a87c6514ba8"
      url: "https://pub.dev"
    source: hosted
    version: "0.10.0"
  camera_avfoundation:
    dependency: transitive
    description:
      name: camera_avfoundation
      sha256: ef2313d3e0d5ffd453b69360456794e7676c2df356dbd7fa9faee91451dc57e1
      url: "https://pub.dev"
    source: hosted
    version: "0.9.8+2"
  camera_platform_interface:
    dependency: transitive
    description:
      name: camera_platform_interface
      sha256: "33ef011afebe1e55e07330435c74174a7f66ddb1049158557993518b91e1494a"
      url: "https://pub.dev"
    source: hosted
    version: "2.2.0"
  camera_web:
    dependency: transitive
    description:
      name: camera_web
      sha256: "38bb526e3988544344c405b1ace64d2f684ed0d0a315827fd67fa83374c98387"
      url: "https://pub.dev"
    source: hosted
    version: "0.3.0"
  carousel_slider:
    dependency: "direct main"
    description:
      name: carousel_slider
      sha256: "9c695cc963bf1d04a47bd6021f68befce8970bcd61d24938e1fb0918cf5d9c42"
      url: "https://pub.dev"
    source: hosted
    version: "4.2.1"
  characters:
    dependency: transitive
    description:
      name: characters
      sha256: e6a326c8af69605aec75ed6c187d06b349707a27fbff8222ca9cc2cff167975c
      url: "https://pub.dev"
    source: hosted
    version: "1.2.1"
  clock:
    dependency: transitive
    description:
      name: clock
      sha256: cb6d7f03e1de671e34607e909a7213e31d7752be4fb66a86d29fe1eb14bfb5cf
      url: "https://pub.dev"
    source: hosted
    version: "1.1.1"
  cloud_firestore_platform_interface:
    dependency: transitive
    description:
      name: cloud_firestore_platform_interface
      sha256: "86a21d4fd3afe89268e72f62691547e440eff3bcb2781d77c428df706e958149"
      url: "https://pub.dev"
    source: hosted
    version: "5.10.0"
  cloud_firestore_web:
    dependency: transitive
    description:
      name: cloud_firestore_web
      sha256: "2d7339bf3f79adcdb123a88e908474478b060317332189bdd5dcb2d498952127"
      url: "https://pub.dev"
    source: hosted
    version: "3.2.0"
  collection:
    dependency: transitive
    description:
      name: collection
      sha256: cfc915e6923fe5ce6e153b0723c753045de46de1b4d63771530504004a45fae0
      url: "https://pub.dev"
    source: hosted
    version: "1.17.0"
  cross_file:
    dependency: transitive
    description:
      name: cross_file
      sha256: f71079978789bc2fe78d79227f1f8cfe195b31bbd8db2399b0d15a4b96fb843b
      url: "https://pub.dev"
    source: hosted
    version: "0.3.3+2"
  crypto:
    dependency: transitive
    description:
      name: crypto
      sha256: cf75650c66c0316274e21d7c43d3dea246273af5955bd94e8184837cd577575c
      url: "https://pub.dev"
    source: hosted
    version: "3.0.1"
  csslib:
    dependency: transitive
    description:
      name: csslib
      sha256: b36c7f7e24c0bdf1bf9a3da461c837d1de64b9f8beb190c9011d8c72a3dfd745
      url: "https://pub.dev"
    source: hosted
    version: "0.17.2"
  cupertino_icons:
    dependency: "direct main"
    description:
      name: cupertino_icons
      sha256: e35129dc44c9118cee2a5603506d823bab99c68393879edb440e0090d07586be
      url: "https://pub.dev"
    source: hosted
    version: "1.0.5"
  dbus:
    dependency: transitive
    description:
      name: dbus
      sha256: "6f07cba3f7b3448d42d015bfd3d53fe12e5b36da2423f23838efc1d5fb31a263"
      url: "https://pub.dev"
    source: hosted
    version: "0.7.8"
  email_validator:
    dependency: "direct main"
    description:
      name: email_validator
      sha256: e9a90f27ab2b915a27d7f9c2a7ddda5dd752d6942616ee83529b686fc086221b
      url: "https://pub.dev"
    source: hosted
    version: "2.1.17"
  equatable:
    dependency: transitive
    description:
      name: equatable
      sha256: c2b87cb7756efdf69892005af546c56c0b5037f54d2a88269b4f347a505e3ca2
      url: "https://pub.dev"
    source: hosted
    version: "2.0.5"
  expandable:
    dependency: "direct main"
    description:
      name: expandable
      sha256: "9604d612d4d1146dafa96c6d8eec9c2ff0994658d6d09fed720ab788c7f5afc2"
      url: "https://pub.dev"
    source: hosted
    version: "5.0.1"
  fake_async:
    dependency: transitive
    description:
      name: fake_async
      sha256: "511392330127add0b769b75a987850d136345d9227c6b94c96a04cf4a391bf78"
      url: "https://pub.dev"
    source: hosted
    version: "1.3.1"
  ffi:
    dependency: transitive
    description:
      name: ffi
      sha256: a38574032c5f1dd06c4aee541789906c12ccaab8ba01446e800d9c5b79c4a978
      url: "https://pub.dev"
    source: hosted
    version: "2.0.1"
  file:
    dependency: transitive
    description:
      name: file
      sha256: b69516f2c26a5bcac4eee2e32512e1a5205ab312b3536c1c1227b2b942b5f9ad
      url: "https://pub.dev"
    source: hosted
    version: "6.1.2"
  file_picker:
    dependency: "direct main"
    description:
      name: file_picker
      sha256: ecf52f978e72763ede54a93271318bbbca65a2be2d9ff658ec8ca4ea3a23d7ef
      url: "https://pub.dev"
    source: hosted
    version: "5.2.4"
  firebase_core:
    dependency: "direct main"
    description:
      name: firebase_core
      sha256: "01962872df08437d9be593caeab8c700624c93b629f3d3d60f061612d6263666"
      url: "https://pub.dev"
    source: hosted
    version: "2.4.0"
  firebase_core_platform_interface:
    dependency: transitive
    description:
      name: firebase_core_platform_interface
      sha256: "5fab93f5b354648efa62e7cc829c90efb68c8796eecf87e0888cae2d5f3accd4"
      url: "https://pub.dev"
    source: hosted
    version: "4.5.2"
  firebase_core_web:
    dependency: transitive
    description:
      name: firebase_core_web
      sha256: b2917618cbe75196261621d676a992e05215ce6a70daca5f655794d5a008d369
      url: "https://pub.dev"
    source: hosted
    version: "2.0.2"
  firebase_messaging:
    dependency: "direct main"
    description:
      name: firebase_messaging
      sha256: "1ee95810148e5298c0fb6cb00ee4f099218f3d56d358e8047a9bdf4e68b504cb"
      url: "https://pub.dev"
    source: hosted
    version: "14.2.0"
  firebase_messaging_platform_interface:
    dependency: transitive
    description:
      name: firebase_messaging_platform_interface
      sha256: "4fad3604e98815c5c8df88273f714cab27078a1df5cd848a8ec984b609b86ddd"
      url: "https://pub.dev"
    source: hosted
    version: "4.2.9"
  firebase_messaging_web:
    dependency: transitive
    description:
      name: firebase_messaging_web
      sha256: cbd454c9551e6671747b526cbe643b814df020d630e7502058b9026902003a46
      url: "https://pub.dev"
    source: hosted
    version: "3.2.10"
  flutter:
    dependency: "direct main"
    description: flutter
    source: sdk
    version: "0.0.0"
  flutter_blurhash:
    dependency: transitive
    description:
      name: flutter_blurhash
      sha256: "1a4a4973320803a24b68596c755500c0e55dc02007038257a2a98dffc196a4ed"
      url: "https://pub.dev"
    source: hosted
    version: "0.6.4"
  flutter_cache_manager:
    dependency: transitive
    description:
      name: flutter_cache_manager
      sha256: "32cd900555219333326a2d0653aaaf8671264c29befa65bbd9856d204a4c9fb3"
      url: "https://pub.dev"
    source: hosted
    version: "3.3.0"
  flutter_chat_types:
    dependency: transitive
    description:
      name: flutter_chat_types
      sha256: "34d1d61e46d5ca15f3b46e72d0a9ac98da72edc5eb5bf644a26e27351c9e15ba"
      url: "https://pub.dev"
    source: hosted
    version: "3.6.0"
  flutter_link_previewer:
    dependency: "direct main"
    description:
      name: flutter_link_previewer
      sha256: d495edef667d4b5db37fb6f31571406c137161a8399dd44a5de4ce2a7c7ba529
      url: "https://pub.dev"
    source: hosted
    version: "3.2.0"
  flutter_linkify:
    dependency: transitive
    description:
      name: flutter_linkify
      sha256: c89fe74de985ec22f23d3538d2249add085a4f37ac1c29fd79e1a207efb81d63
      url: "https://pub.dev"
    source: hosted
    version: "5.0.2"
  flutter_lints:
    dependency: "direct dev"
    description:
      name: flutter_lints
      sha256: aeb0b80a8b3709709c9cc496cdc027c5b3216796bc0af0ce1007eaf24464fd4c
      url: "https://pub.dev"
    source: hosted
    version: "2.0.1"
  flutter_local_notifications:
    dependency: "direct main"
    description:
      name: flutter_local_notifications
      sha256: "293995f94e120c8afce768981bd1fa9c5d6de67c547568e3b42ae2defdcbb4a0"
      url: "https://pub.dev"
    source: hosted
    version: "13.0.0"
  flutter_local_notifications_linux:
    dependency: transitive
    description:
      name: flutter_local_notifications_linux
      sha256: "8f6c1611e0c4a88a382691a97bb3c3feb24cc0c0b54152b8b5fb7ffb837f7fbf"
      url: "https://pub.dev"
    source: hosted
    version: "3.0.0"
  flutter_local_notifications_platform_interface:
    dependency: transitive
    description:
      name: flutter_local_notifications_platform_interface
      sha256: "5ec1feac5f7f7d9266759488bc5f76416152baba9aa1b26fe572246caa00d1ab"
      url: "https://pub.dev"
    source: hosted
    version: "6.0.0"
  flutter_plugin_android_lifecycle:
    dependency: transitive
    description:
      name: flutter_plugin_android_lifecycle
      sha256: "60fc7b78455b94e6de2333d2f95196d32cf5c22f4b0b0520a628804cb463503b"
      url: "https://pub.dev"
    source: hosted
    version: "2.0.7"
  flutter_test:
    dependency: "direct dev"
    description: flutter
    source: sdk
    version: "0.0.0"
  flutter_web_plugins:
    dependency: transitive
    description: flutter
    source: sdk
    version: "0.0.0"
  html:
    dependency: transitive
    description:
      name: html
      sha256: d9793e10dbe0e6c364f4c59bf3e01fb33a9b2a674bc7a1081693dba0614b6269
      url: "https://pub.dev"
    source: hosted
    version: "0.15.1"
  http:
    dependency: "direct main"
    description:
      name: http
      sha256: "6aa2946395183537c8b880962d935877325d6a09a2867c3970c05c0fed6ac482"
      url: "https://pub.dev"
    source: hosted
    version: "0.13.5"
  http_parser:
    dependency: "direct main"
    description:
      name: http_parser
      sha256: "2aa08ce0341cc9b354a498388e30986515406668dbcc4f7c950c3e715496693b"
      url: "https://pub.dev"
    source: hosted
    version: "4.0.2"
  image_picker:
    dependency: "direct main"
    description:
      name: image_picker
      sha256: a8f2f0aed50c03230ab37e93ca2905c50b6c4097245345956eb24a88f45328cd
      url: "https://pub.dev"
    source: hosted
    version: "0.8.6"
  image_picker_android:
    dependency: transitive
    description:
      name: image_picker_android
      sha256: "822f71a53336bf1e638dbf955047080ca49ba0197f52c4fece9cf584c368648a"
      url: "https://pub.dev"
    source: hosted
    version: "0.8.5+3"
  image_picker_for_web:
    dependency: transitive
    description:
      name: image_picker_for_web
      sha256: "837609ccdb538b6d255808f6920179af004f2fecd1eb529fb14d313c289a9333"
      url: "https://pub.dev"
    source: hosted
    version: "2.1.6"
  image_picker_ios:
    dependency: transitive
    description:
      name: image_picker_ios
      sha256: "1768087441bd69ca632249d212c26fa8d530552d37b4896a4dd8d6781435c147"
      url: "https://pub.dev"
    source: hosted
    version: "0.8.6+1"
  image_picker_platform_interface:
    dependency: transitive
    description:
      name: image_picker_platform_interface
      sha256: "7cef2f28f4f2fef99180f636c3d446b4ccbafd6ba0fad2adc9a80c4040f656b8"
      url: "https://pub.dev"
    source: hosted
    version: "2.6.2"
  intl:
    dependency: "direct main"
    description:
      name: intl
      sha256: "910f85bce16fb5c6f614e117efa303e85a1731bb0081edf3604a2ae6e9a3cc91"
      url: "https://pub.dev"
    source: hosted
    version: "0.17.0"
  intl_phone_number_input:
    dependency: "direct main"
    description:
      name: intl_phone_number_input
      sha256: a3538328acb08ad4213df08e8dab583085f3c83076f4ae3d97bcf43d4d90608f
      url: "https://pub.dev"
    source: hosted
    version: "0.7.1"
  js:
    dependency: transitive
    description:
      name: js
      sha256: "5528c2f391ededb7775ec1daa69e65a2d61276f7552de2b5f7b8d34ee9fd4ab7"
      url: "https://pub.dev"
    source: hosted
    version: "0.6.5"
  json_annotation:
    dependency: transitive
    description:
      name: json_annotation
      sha256: "3520fa844009431b5d4491a5a778603520cdc399ab3406332dcc50f93547258c"
      url: "https://pub.dev"
    source: hosted
    version: "4.7.0"
  libphonenumber:
    dependency: transitive
    description:
      name: libphonenumber
      sha256: "16612d08ccfdec024f038c582eb0b63e6b9a628230123ef37eb563f4d10ab214"
      url: "https://pub.dev"
    source: hosted
    version: "2.0.2"
  libphonenumber_platform_interface:
    dependency: transitive
    description:
      name: libphonenumber_platform_interface
      sha256: "977834b022bcc25e6e68bd86f977f10bbf20eec6bfab1ae7a151e51868ab91cf"
      url: "https://pub.dev"
    source: hosted
    version: "0.3.1"
  libphonenumber_plugin:
    dependency: transitive
    description:
      name: libphonenumber_plugin
      sha256: "76717a6bf1c5746ce599e9604c423d51b98a9a1ee50584d33afaecf355a1be93"
      url: "https://pub.dev"
    source: hosted
    version: "0.2.3"
  libphonenumber_web:
    dependency: transitive
    description:
      name: libphonenumber_web
      sha256: f938f3d21d2d208897a361b8ca9052dfd29f956a30ced76fda8b45744dad20cb
      url: "https://pub.dev"
    source: hosted
    version: "0.2.0+1"
  linkify:
    dependency: transitive
    description:
      name: linkify
      sha256: bdfbdafec6cdc9cd0ebb333a868cafc046714ad508e48be8095208c54691d959
      url: "https://pub.dev"
    source: hosted
    version: "4.1.0"
  lints:
    dependency: transitive
    description:
      name: lints
      sha256: "5cfd6509652ff5e7fe149b6df4859e687fca9048437857cb2e65c8d780f396e3"
      url: "https://pub.dev"
    source: hosted
    version: "2.0.0"
  logger:
    dependency: "direct main"
    description:
      name: logger
      sha256: "5076f09225f91dc49289a4ccb92df2eeea9ea01cf7c26d49b3a1f04c6a49eec1"
      url: "https://pub.dev"
    source: hosted
    version: "1.1.0"
  matcher:
    dependency: transitive
    description:
      name: matcher
      sha256: "16db949ceee371e9b99d22f88fa3a73c4e59fd0afed0bd25fc336eb76c198b72"
      url: "https://pub.dev"
    source: hosted
    version: "0.12.13"
  material_color_utilities:
    dependency: transitive
    description:
      name: material_color_utilities
      sha256: d92141dc6fe1dad30722f9aa826c7fbc896d021d792f80678280601aff8cf724
      url: "https://pub.dev"
    source: hosted
    version: "0.2.0"
  meta:
    dependency: transitive
    description:
      name: meta
      sha256: "6c268b42ed578a53088d834796959e4a1814b5e9e164f147f580a386e5decf42"
      url: "https://pub.dev"
    source: hosted
    version: "1.8.0"
  mime:
    dependency: "direct main"
    description:
      name: mime
      sha256: "52e38f7e1143ef39daf532117d6b8f8f617bf4bcd6044ed8c29040d20d269630"
      url: "https://pub.dev"
    source: hosted
    version: "1.0.3"
  octo_image:
    dependency: transitive
    description:
      name: octo_image
      sha256: a4d69f0677d742a5c76b26430aeae9420656226f8b6add0f3d9a7c6309f35012
      url: "https://pub.dev"
    source: hosted
    version: "1.0.1"
  path:
    dependency: "direct main"
    description:
      name: path
      sha256: db9d4f58c908a4ba5953fcee2ae317c94889433e5024c27ce74a37f94267945b
      url: "https://pub.dev"
    source: hosted
    version: "1.8.2"
  path_provider:
    dependency: "direct main"
    description:
      name: path_provider
      sha256: "050e8e85e4b7fecdf2bb3682c1c64c4887a183720c802d323de8a5fd76d372dd"
      url: "https://pub.dev"
    source: hosted
    version: "2.0.11"
  path_provider_android:
    dependency: transitive
    description:
      name: path_provider_android
      sha256: "8b759fb6c74955931e87f550cc9e890b0cccb7ef8e710943973efeaa9695c54d"
      url: "https://pub.dev"
    source: hosted
    version: "2.0.12"
  path_provider_ios:
    dependency: transitive
    description:
      name: path_provider_ios
      sha256: "943b76e54056386432cdc2731cb303e2f580346b61a1fc73819721767be72309"
      url: "https://pub.dev"
    source: hosted
    version: "2.0.8"
  path_provider_linux:
    dependency: transitive
    description:
      name: path_provider_linux
      sha256: ab0987bf95bc591da42dffb38c77398fc43309f0b9b894dcc5d6f40c4b26c379
      url: "https://pub.dev"
    source: hosted
    version: "2.1.7"
  path_provider_macos:
    dependency: transitive
    description:
      name: path_provider_macos
      sha256: "0adeb313e1f2c3fc52baeeee59b0fe9c2d1f7da56fd96a9234e1702ec653a453"
      url: "https://pub.dev"
    source: hosted
    version: "2.0.5"
  path_provider_platform_interface:
    dependency: transitive
    description:
      name: path_provider_platform_interface
      sha256: "3dc0d51b07f85fec3746d9f4e8d31c73bb173cafa2e763f03f8df2e8d1878882"
      url: "https://pub.dev"
    source: hosted
    version: "2.0.3"
  path_provider_windows:
    dependency: transitive
    description:
      name: path_provider_windows
      sha256: bcabbe399d4042b8ee687e17548d5d3f527255253b4a639f5f8d2094a9c2b45c
      url: "https://pub.dev"
    source: hosted
    version: "2.1.3"
  pedantic:
    dependency: transitive
    description:
      name: pedantic
      sha256: "67fc27ed9639506c856c840ccce7594d0bdcd91bc8d53d6e52359449a1d50602"
      url: "https://pub.dev"
    source: hosted
    version: "1.11.1"
  petitparser:
    dependency: transitive
    description:
      name: petitparser
      sha256: "2ebb289dc4764ec397f5cd3ca9881c6d17196130a7d646ed022a0dd9c2e25a71"
      url: "https://pub.dev"
    source: hosted
    version: "5.0.0"
  photo_view:
    dependency: "direct main"
    description:
      name: photo_view
      sha256: "8036802a00bae2a78fc197af8a158e3e2f7b500561ed23b4c458107685e645bb"
      url: "https://pub.dev"
    source: hosted
    version: "0.14.0"
  pinput:
    dependency: "direct main"
    description:
      name: pinput
      sha256: "55071b48f2e8887d589f4a2bff52ea5554e54fbbc0d1d2a0d5f9b1ad5eb7c788"
      url: "https://pub.dev"
    source: hosted
    version: "2.2.11"
  platform:
    dependency: transitive
    description:
      name: platform
      sha256: "4a451831508d7d6ca779f7ac6e212b4023dd5a7d08a27a63da33756410e32b76"
      url: "https://pub.dev"
    source: hosted
    version: "3.1.0"
  plugin_platform_interface:
    dependency: transitive
    description:
      name: plugin_platform_interface
      sha256: dbf0f707c78beedc9200146ad3cb0ab4d5da13c246336987be6940f026500d3a
      url: "https://pub.dev"
    source: hosted
    version: "2.1.3"
  process:
    dependency: transitive
    description:
      name: process
      sha256: "53fd8db9cec1d37b0574e12f07520d582019cb6c44abf5479a01505099a34a09"
      url: "https://pub.dev"
    source: hosted
    version: "4.2.4"
  qr:
    dependency: transitive
    description:
      name: qr
      sha256: "5c4208b4dc0d55c3184d10d83ee0ded6212dc2b5e2ba17c5a0c0aab279128d21"
      url: "https://pub.dev"
    source: hosted
    version: "2.1.0"
  qr_code_scanner:
    dependency: "direct main"
    description:
      name: qr_code_scanner
      sha256: f23b68d893505a424f0bd2e324ebea71ed88465d572d26bb8d2e78a4749591fd
      url: "https://pub.dev"
    source: hosted
    version: "1.0.1"
  qr_flutter:
    dependency: "direct main"
    description:
      name: qr_flutter
      sha256: c5c121c54cb6dd837b9b9d57eb7bc7ec6df4aee741032060c8833a678c80b87e
      url: "https://pub.dev"
    source: hosted
    version: "4.0.0"
  quiver:
    dependency: transitive
    description:
      name: quiver
      sha256: "616b691d1c8f5c53b7b39ce3542f6a25308d7900bf689d0210e72a644a10387e"
      url: "https://pub.dev"
    source: hosted
    version: "3.0.1+1"
  rxdart:
    dependency: transitive
    description:
      name: rxdart
      sha256: bc2d2b17b87fab32e2dca53ca3066d3147de6f96c74d76cfe1a379a24239c46d
      url: "https://pub.dev"
    source: hosted
    version: "0.27.3"
  search_choices:
    dependency: "direct main"
    description:
      name: search_choices
      sha256: "5bea0012d309ff108486ca36583c020589464b5d349c9f29addd8bed5115c7b7"
      url: "https://pub.dev"
    source: hosted
    version: "2.2.1"
  share_plus:
    dependency: "direct main"
    description:
      name: share_plus
      sha256: e387077716f80609bb979cd199331033326033ecd1c8f200a90c5f57b1c9f55e
      url: "https://pub.dev"
    source: hosted
    version: "6.3.0"
  share_plus_platform_interface:
    dependency: transitive
    description:
      name: share_plus_platform_interface
      sha256: "82ddd4ab9260c295e6e39612d4ff00390b9a7a21f1bb1da771e2f232d80ab8a1"
      url: "https://pub.dev"
    source: hosted
    version: "3.2.0"
  sky_engine:
    dependency: transitive
    description: flutter
    source: sdk
    version: "0.0.99"
  smart_auth:
    dependency: transitive
    description:
      name: smart_auth
      sha256: "9775f60bd28b10191ee7db586bacdeb17a51114921802675a7dc52c2fdd3ccc8"
      url: "https://pub.dev"
    source: hosted
    version: "1.0.5"
  source_span:
    dependency: transitive
    description:
      name: source_span
      sha256: dd904f795d4b4f3b870833847c461801f6750a9fa8e61ea5ac53f9422b31f250
      url: "https://pub.dev"
    source: hosted
    version: "1.9.1"
  sqflite:
    dependency: transitive
    description:
      name: sqflite
      sha256: f83e4c46d693b02436348a3a8693fa0fa50b0d98eeb55afc7579b70b0d8967f6
      url: "https://pub.dev"
    source: hosted
    version: "2.0.2"
  sqflite_common:
    dependency: transitive
    description:
      name: sqflite_common
      sha256: c65f003175e4d0559af8180000eec451479b1017bd6c7a7d446c9ae3fecbea0a
      url: "https://pub.dev"
    source: hosted
    version: "2.2.0"
  stack_trace:
    dependency: transitive
    description:
      name: stack_trace
      sha256: c3c7d8edb15bee7f0f74debd4b9c5f3c2ea86766fe4178eb2a18eb30a0bdaed5
      url: "https://pub.dev"
    source: hosted
    version: "1.11.0"
  stream_channel:
    dependency: transitive
    description:
      name: stream_channel
      sha256: "83615bee9045c1d322bbbd1ba209b7a749c2cbcdcb3fdd1df8eb488b3279c1c8"
      url: "https://pub.dev"
    source: hosted
    version: "2.1.1"
  stream_transform:
    dependency: transitive
    description:
      name: stream_transform
      sha256: ed464977cb26a1f41537e177e190c67223dbd9f4f683489b6ab2e5d211ec564e
      url: "https://pub.dev"
    source: hosted
    version: "2.0.0"
  string_scanner:
    dependency: transitive
    description:
      name: string_scanner
      sha256: "556692adab6cfa87322a115640c11f13cb77b3f076ddcc5d6ae3c20242bedcde"
      url: "https://pub.dev"
    source: hosted
    version: "1.2.0"
  syncfusion_flutter_charts:
    dependency: "direct main"
    description:
      name: syncfusion_flutter_charts
      sha256: "82c65db75af2c90ddf99cacfbb5dd5611edb575da45cb9fa10091bb7944d3f51"
      url: "https://pub.dev"
    source: hosted
    version: "21.1.35"
  syncfusion_flutter_core:
    dependency: transitive
    description:
      name: syncfusion_flutter_core
      sha256: "6c704aa944ae5dfc4ae7c473d52eba551acfa39fff277bae3cb355cdb2457f76"
      url: "https://pub.dev"
    source: hosted
    version: "21.1.35"
  synchronized:
    dependency: transitive
    description:
      name: synchronized
      sha256: "271977ff1e9e82ceefb4f08424b8839f577c1852e0726b5ce855311b46d3ef83"
      url: "https://pub.dev"
    source: hosted
    version: "3.0.0"
  term_glyph:
    dependency: transitive
    description:
      name: term_glyph
      sha256: a29248a84fbb7c79282b40b8c72a1209db169a2e0542bce341da992fe1bc7e84
      url: "https://pub.dev"
    source: hosted
    version: "1.2.1"
  test_api:
    dependency: transitive
    description:
      name: test_api
      sha256: ad540f65f92caa91bf21dfc8ffb8c589d6e4dc0c2267818b4cc2792857706206
      url: "https://pub.dev"
    source: hosted
    version: "0.4.16"
  timezone:
    dependency: transitive
    description:
      name: timezone
      sha256: "2e59efc48e9f684c327c0498ac0b81411aee18b10c82f2db2c08f7f052493569"
      url: "https://pub.dev"
    source: hosted
    version: "0.9.0"
  typed_data:
    dependency: transitive
    description:
      name: typed_data
      sha256: "53bdf7e979cfbf3e28987552fd72f637e63f3c8724c9e56d9246942dc2fa36ee"
      url: "https://pub.dev"
    source: hosted
    version: "1.3.0"
  uni_links:
    dependency: "direct main"
    description:
      name: uni_links
      sha256: "051098acfc9e26a9fde03b487bef5d3d228ca8f67693480c6f33fd4fbb8e2b6e"
      url: "https://pub.dev"
    source: hosted
    version: "0.5.1"
  uni_links_platform_interface:
    dependency: transitive
    description:
      name: uni_links_platform_interface
      sha256: "929cf1a71b59e3b7c2d8a2605a9cf7e0b125b13bc858e55083d88c62722d4507"
      url: "https://pub.dev"
    source: hosted
    version: "1.0.0"
  uni_links_web:
    dependency: transitive
    description:
      name: uni_links_web
      sha256: "7539db908e25f67de2438e33cc1020b30ab94e66720b5677ba6763b25f6394df"
      url: "https://pub.dev"
    source: hosted
    version: "0.1.0"
  url_launcher:
    dependency: "direct main"
    description:
      name: url_launcher
      sha256: "3c92b0efb5e9dcb8f846aefabf9f0f739f91682ed486b991ceda51c288e60896"
      url: "https://pub.dev"
    source: hosted
    version: "6.1.7"
  url_launcher_android:
    dependency: transitive
    description:
      name: url_launcher_android
      sha256: b693e6698f7e6985710d67a050e3acbdda3b9cfc4b43b9f1c40cdbe42c705b92
      url: "https://pub.dev"
    source: hosted
    version: "6.0.15"
  url_launcher_ios:
    dependency: transitive
    description:
      name: url_launcher_ios
      sha256: e51a93f0da65733beb69fdbc43cea524d86ed8e524479e9faefc9304cec34a57
      url: "https://pub.dev"
    source: hosted
    version: "6.0.15"
  url_launcher_linux:
    dependency: transitive
    description:
      name: url_launcher_linux
      sha256: "360fa359ab06bcb4f7c5cd3123a2a9a4d3364d4575d27c4b33468bd4497dd094"
      url: "https://pub.dev"
    source: hosted
    version: "3.0.1"
  url_launcher_macos:
    dependency: transitive
    description:
      name: url_launcher_macos
      sha256: c028c7f80fdb99cf48b94c471c0f8b9b855a188f4865df76e2a7663ae640e9d2
      url: "https://pub.dev"
    source: hosted
    version: "3.0.0"
  url_launcher_platform_interface:
    dependency: transitive
    description:
      name: url_launcher_platform_interface
      sha256: "4eae912628763eb48fc214522e58e942fd16ce195407dbf45638239523c759a6"
      url: "https://pub.dev"
    source: hosted
    version: "2.1.1"
  url_launcher_web:
    dependency: transitive
    description:
      name: url_launcher_web
      sha256: "5669882643b96bb6d5786637cac727c6e918a790053b09245fd4513b8a07df2a"
      url: "https://pub.dev"
    source: hosted
    version: "2.0.13"
  url_launcher_windows:
    dependency: transitive
    description:
      name: url_launcher_windows
      sha256: e3c3b16d3104260c10eea3b0e34272aaa57921f83148b0619f74c2eced9b7ef1
      url: "https://pub.dev"
    source: hosted
    version: "3.0.1"
  uuid:
    dependency: "direct main"
    description:
      name: uuid
      sha256: "648e103079f7c64a36dc7d39369cabb358d377078a051d6ae2ad3aa539519313"
      url: "https://pub.dev"
    source: hosted
    version: "3.0.7"
  vector_math:
    dependency: transitive
    description:
      name: vector_math
      sha256: "80b3257d1492ce4d091729e3a67a60407d227c27241d6927be0130c98e741803"
      url: "https://pub.dev"
    source: hosted
    version: "2.1.4"
  web_socket_channel:
    dependency: "direct main"
    description:
      name: web_socket_channel
      sha256: "3a969ddcc204a3e34e863d204b29c0752716f78b6f9cc8235083208d268a4ccd"
      url: "https://pub.dev"
    source: hosted
    version: "2.2.0"
  win32:
    dependency: transitive
    description:
      name: win32
      sha256: d13ac5deea7327f027b3b97ee19ee210f68256ecf3f1a304bcfb992ee947637c
      url: "https://pub.dev"
    source: hosted
    version: "3.1.1"
  xdg_directories:
    dependency: transitive
    description:
      name: xdg_directories
      sha256: "060b6e1c891d956f72b5ac9463466c37cce3fa962a921532fc001e86fe93438e"
      url: "https://pub.dev"
    source: hosted
    version: "0.2.0+1"
  xml:
    dependency: transitive
    description:
      name: xml
      sha256: ac0e3f4bf00ba2708c33fbabbbe766300e509f8c82dbd4ab6525039813f7e2fb
      url: "https://pub.dev"
    source: hosted
    version: "6.1.0"
sdks:
  dart: ">=2.18.0 <3.0.0"
  flutter: ">=3.3.0"
